
Microsoft Visual Studio Solution File, Format Version 12.00
# Visual Studio Version 17
VisualStudioVersion = 17.2.32516.85
MinimumVisualStudioVersion = 10.0.40219.1
Project("{FAE04EC0-301F-11D3-BF4B-00C04F79EFBC}") = "MoviesDB", "MoviesDB\MoviesDB.csproj", "{3BDB0817-A451-4702-AA84-E82A0A276BD0}"
EndProject
Global
	GlobalSection(SolutionConfigurationPlatforms) = preSolution
		Debug|Any CPU = Debug|Any CPU
		Release|Any CPU = Release|Any CPU
	EndGlobalSection
	GlobalSection(ProjectConfigurationPlatforms) = postSolution
		{3BDB0817-A451-4702-AA84-E82A0A276BD0}.Debug|Any CPU.ActiveCfg = Debug|Any CPU
		{3BDB0817-A451-4702-AA84-E82A0A276BD0}.Debug|Any CPU.Build.0 = Debug|Any CPU
		{3BDB0817-A451-4702-AA84-E82A0A276BD0}.Release|Any CPU.ActiveCfg = Release|Any CPU
		{3BDB0817-A451-4702-AA84-E82A0A276BD0}.Release|Any CPU.Build.0 = Release|Any CPU
	EndGlobalSection
	GlobalSection(SolutionProperties) = preSolution
		HideSolutionNode = FALSE
	EndGlobalSection
	GlobalSection(ExtensibilityGlobals) = postSolution
		SolutionGuid = {F40D16A7-ABC3-4AEE-AD2B-E1C1391DDE2C}
	EndGlobalSection
EndGlobal
